lockfileVersion: '9.0'

settings:
  autoInstallPeers: true
  excludeLinksFromLockfile: false

importers:

  .:
    dependencies:
      '@prisma/client':
        specifier: 5.22.0
        version: 5.22.0(prisma@5.22.0)
    devDependencies:
      '@types/bcryptjs':
        specifier: ^2.4.6
        version: 2.4.6
      bcryptjs:
        specifier: ^2.4.3
        version: 2.4.3
      prisma:
        specifier: ^5.20.0
        version: 5.22.0
      ts-node:
        specifier: ^10.9.2
        version: 10.9.2(@types/node@20.19.43)(typescript@5.9.3)
      typescript:
        specifier: ^5.5.4
        version: 5.9.3

  apps/api:
    dependencies:
      '@nestjs/common':
        specifier: ^10.4.4
        version: 10.4.22(class-transformer@0.5.1)(class-validator@0.14.4)(reflect-metadata@0.2.2)(rxjs@7.8.2)(supports-color@8.1.1)
      '@nestjs/core':
        specifier: ^10.4.4
        version: 10.4.22(@nestjs/common@10.4.22(class-transformer@0.5.1)(class-validator@0.14.4)(reflect-metadata@0.2.2)(rxjs@7.8.2)(supports-color@8.1.1))(@nestjs/platform-express@10.4.22)(reflect-metadata@0.2.2)(rxjs@7.8.2)
      '@nestjs/jwt':
        specifier: ^10.2.0
        version: 10.2.0(@nestjs/common@10.4.22(class-transformer@0.5.1)(class-validator@0.14.4)(reflect-metadata@0.2.2)(rxjs@7.8.2)(supports-color@8.1.1))
      '@nestjs/passport':
        specifier: ^10.0.3
        version: 10.0.3(@nestjs/common@10.4.22(class-transformer@0.5.1)(class-validator@0.14.4)(reflect-metadata@0.2.2)(rxjs@7.8.2)(supports-color@8.1.1))(passport@0.7.0)
      '@nestjs/platform-express':
        specifier: ^10.4.4
        version: 10.4.22(@nestjs/common@10.4.22(class-transformer@0.5.1)(class-validator@0.14.4)(reflect-metadata@0.2.2)(rxjs@7.8.2)(supports-color@8.1.1))(@nestjs/core@10.4.22)(supports-color@8.1.1)
      '@nestjs/swagger':
        specifier: ^7.4.2
        version: 7.4.2(@nestjs/common@10.4.22(class-transformer@0.5.1)(class-validator@0.14.4)(reflect-metadata@0.2.2)(rxjs@7.8.2)(supports-color@8.1.1))(@nestjs/core@10.4.22)(class-transformer@0.5.1)(class-validator@0.14.4)(reflect-metadata@0.2.2)
      '@nestjs/throttler':
        specifier: ^5.2.0
        version: 5.2.0(@nestjs/common@10.4.22(class-transformer@0.5.1)(class-validator@0.14.4)(reflect-metadata@0.2.2)(rxjs@7.8.2)(supports-color@8.1.1))(@nestjs/core@10.4.22)(reflect-metadata@0.2.2)
      '@prisma/client':
        specifier: ^5.20.0
        version: 5.22.0(prisma@5.22.0)
      '@vito/contracts':
        specifier: workspace:*
        version: link:../../packages/contracts
      bcryptjs:
        specifier: ^2.4.3
        version: 2.4.3
      class-transformer:
        specifier: ^0.5.1
        version: 0.5.1
      class-validator:
        specifier: ^0.14.1
        version: 0.14.4
      express:
        specifier: ^4.22.1
        version: 4.22.1(supports-color@8.1.1)
      helmet:
        specifier: ^7.1.0
        version: 7.2.0
      passport:
        specifier: ^0.7.0
        version: 0.7.0
      passport-jwt:
        specifier: ^4.0.1
        version: 4.0.1
      pdf-parse:
        specifier: 2.4.5
        version: 2.4.5
      reflect-metadata:
        specifier: ^0.2.2
        version: 0.2.2
      rxjs:
        specifier: ^7.8.1
        version: 7.8.2
      swagger-ui-express:
        specifier: ^5.0.1
        version: 5.0.1(express@4.22.1(supports-color@8.1.1))
    devDependencies:
      '@nestjs/cli':
        specifier: ^10.4.5
        version: 10.4.9(uglify-js@3.19.3)
      '@nestjs/schematics':
        specifier: ^10.1.4
        version: 10.2.3(chokidar@3.6.0)(typescript@5.9.3)
      '@nestjs/testing':
        specifier: ^10.4.4
        version: 10.4.22(@nestjs/common@10.4.22(class-transformer@0.5.1)(class-validator@0.14.4)(reflect-metadata@0.2.2)(rxjs@7.8.2)(supports-color@8.1.1))(@nestjs/core@10.4.22)(@nestjs/platform-express@10.4.22)
      '@types/bcryptjs':
        specifier: ^2.4.6
        version: 2.4.6
      '@types/express':
        specifier: ^4.17.21
        version: 4.17.25
      '@types/jest':
        specifier: ^29.5.13
        version: 29.5.14
      '@types/node':
        specifier: ^20.14.15
        version: 20.19.43
      '@types/passport-jwt':
        specifier: ^4.0.1
        version: 4.0.1
      '@types/supertest':
        specifier: ^6.0.2
        version: 6.0.3
      jest:
        specifier: ^29.7.0
        version: 29.7.0(@types/node@20.19.43)(supports-color@8.1.1)(ts-node@10.9.2(@types/node@20.19.43)(typescript@5.9.3))
      prisma:
        specifier: ^5.20.0
        version: 5.22.0
      source-map-support:
        specifier: ^0.5.21
        version: 0.5.21
      supertest:
        specifier: ^7.0.0
        version: 7.2.2(supports-color@8.1.1)
      ts-jest:
        specifier: ^29.2.5
        version: 29.4.12(@babel/core@7.29.7(supports-color@8.1.1))(@jest/transform@29.7.0(supports-color@8.1.1))(@jest/types@29.6.3)(babel-jest@29.7.0(@babel/core@7.29.7(supports-color@8.1.1))(supports-color@8.1.1))(jest-util@29.7.0)(jest@29.7.0(@types/node@20.19.43)(supports-color@8.1.1)(ts-node@10.9.2(@types/node@20.19.43)(typescript@5.9.3)))(typescript@5.9.3)
      ts-loader:
        specifier: ^9.5.1
        version: 9.6.2(typescript@5.9.3)(webpack@5.97.1(uglify-js@3.19.3))
      ts-node:
        specifier: ^10.9.2
        version: 10.9.2(@types/node@20.19.43)(typescript@5.9.3)
      tsconfig-paths:
        specifier: ^4.2.0
        version: 4.2.0
      typescript:
        specifier: ^5.5.4
        version: 5.9.3

  packages/contracts:
    devDependencies:
      '@types/jest':
        specifier: ^29.5.12
        version: 29.5.14
      '@types/node':
        specifier: 20.19.43
        version: 20.19.43
      jest:
        specifier: ^29.7.0
        version: 29.7.0(@types/node@20.19.43)(supports-color@8.1.1)(ts-node@10.9.2(@types/node@20.19.43)(typescript@5.9.3))
      ts-jest:
        specifier: ^29.2.0
        version: 29.4.12(@babel/core@7.29.7(supports-color@8.1.1))(@jest/transform@29.7.0(supports-color@8.1.1))(@jest/types@29.6.3)(babel-jest@29.7.0(@babel/core@7.29.7(supports-color@8.1.1))(supports-color@8.1.1))(jest-util@29.7.0)(jest@29.7.0(@types/node@20.19.43)(supports-color@8.1.1)(ts-node@10.9.2(@types/node@20.19.43)(typescript@5.9.3)))(typescript@5.9.3)
      typescript:
        specifier: ^5.5.4
        version: 5.9.3

packages:

  '@napi-rs/canvas-android-arm64@0.1.80':
    resolution: {integrity: sha512-sk7xhN/MoXeuExlggf91pNziBxLPVUqF2CAVnB57KLG/pz7+U5TKG8eXdc3pm0d7Od0WreB6ZKLj37sX9muGOQ==}
    engines: {node: '>= 10'}
    cpu: [arm64]
    os: [android]

  '@napi-rs/canvas-darwin-arm64@0.1.80':
    resolution: {integrity: sha512-O64APRTXRUiAz0P8gErkfEr3lipLJgM6pjATwavZ22ebhjYl/SUbpgM0xcWPQBNMP1n29afAC/Us5PX1vg+JNQ==}
    engines: {node: '>= 10'}
    cpu: [arm64]
    os: [darwin]

  '@napi-rs/canvas-darwin-x64@0.1.80':
    resolution: {integrity: sha512-FqqSU7qFce0Cp3pwnTjVkKjjOtxMqRe6lmINxpIZYaZNnVI0H5FtsaraZJ36SiTHNjZlUB69/HhxNDT1Aaa9vA==}
    engines: {node: '>= 10'}
    cpu: [x64]
    os: [darwin]

  '@napi-rs/canvas-linux-arm-gnueabihf@0.1.80':
    resolution: {integrity: sha512-eyWz0ddBDQc7/JbAtY4OtZ5SpK8tR4JsCYEZjCE3dI8pqoWUC8oMwYSBGCYfsx2w47cQgQCgMVRVTFiiO38hHQ==}
    engines: {node: '>= 10'}
    cpu: [arm]
    os: [linux]

  '@napi-rs/canvas-linux-arm64-gnu@0.1.80':
    resolution: {integrity: sha512-qwA63t8A86bnxhuA/GwOkK3jvb+XTQaTiVML0vAWoHyoZYTjNs7BzoOONDgTnNtr8/yHrq64XXzUoLqDzU+Uuw==}
    engines: {node: '>= 10'}
    cpu: [arm64]
    os: [linux]
    libc: [glibc]

  '@napi-rs/canvas-linux-arm64-musl@0.1.80':
    resolution: {integrity: sha512-1XbCOz/ymhj24lFaIXtWnwv/6eFHXDrjP0jYkc6iHQ9q8oXKzUX1Lc6bu+wuGiLhGh2GS/2JlfORC5ZcXimRcg==}
    engines: {node: '>= 10'}
    cpu: [arm64]
    os: [linux]
    libc: [musl]

  '@napi-rs/canvas-linux-riscv64-gnu@0.1.80':
    resolution: {integrity: sha512-XTzR125w5ZMs0lJcxRlS1K3P5RaZ9RmUsPtd1uGt+EfDyYMu4c6SEROYsxyatbbu/2+lPe7MPHOO/0a0x7L/gw==}
    engines: {node: '>= 10'}
    cpu: [riscv64]
    os: [linux]
    libc: [glibc]

  '@napi-rs/canvas-linux-x64-gnu@0.1.80':
    resolution: {integrity: sha512-BeXAmhKg1kX3UCrJsYbdQd3hIMDH/K6HnP/pG2LuITaXhXBiNdh//TVVVVCBbJzVQaV5gK/4ZOCMrQW9mvuTqA==}
    engines: {node: '>= 10'}
    cpu: [x64]
    os: [linux]
    libc: [glibc]

  '@napi-rs/canvas-linux-x64-musl@0.1.80':
    resolution: {integrity: sha512-x0XvZWdHbkgdgucJsRxprX/4o4sEed7qo9rCQA9ugiS9qE2QvP0RIiEugtZhfLH3cyI+jIRFJHV4Fuz+1BHHMg==}
    engines: {node: '>= 10'}
    cpu: [x64]
    os: [linux]
    libc: [musl]

  '@napi-rs/canvas-win32-x64-msvc@0.1.80':
    resolution: {integrity: sha512-Z8jPsM6df5V8B1HrCHB05+bDiCxjE9QA//3YrkKIdVDEwn5RKaqOxCJDRJkl48cJbylcrJbW4HxZbTte8juuPg==}
    engines: {node: '>= 10'}
    cpu: [x64]
    os: [win32]

  '@napi-rs/canvas@0.1.80':
    resolution: {integrity: sha512-DxuT1ClnIPts1kQx8FBmkk4BQDTfI5kIzywAaMjQSXfNnra5UFU9PwurXrl+Je3bJ6BGsp/zmshVVFbCmyI+ww==}
    engines: {node: '>= 10'}

  pdf-parse@2.4.5:
    resolution: {integrity: sha512-mHU89HGh7v+4u2ubfnevJ03lmPgQ5WU4CxAVmTSh/sxVTEDYd1er/dKS/A6vg77NX47KTEoihq8jZBLr8Cxuwg==}
    engines: {node: '>=20.16.0 <21 || >=22.3.0'}
    hasBin: true

  pdfjs-dist@5.4.296:
    resolution: {integrity: sha512-DlOzet0HO7OEnmUmB6wWGJrrdvbyJKftI1bhMitK7O2N8W2gc757yyYBbINy9IDafXAV9wmKr9t7xsTaNKRG5Q==}
    engines: {node: '>=20.16.0 || >=22.3.0'}

snapshots:

  '@napi-rs/canvas-android-arm64@0.1.80':
    optional: true

  '@napi-rs/canvas-darwin-arm64@0.1.80':
    optional: true

  '@napi-rs/canvas-darwin-x64@0.1.80':
    optional: true

  '@napi-rs/canvas-linux-arm-gnueabihf@0.1.80':
    optional: true

  '@napi-rs/canvas-linux-arm64-gnu@0.1.80':
    optional: true

  '@napi-rs/canvas-linux-arm64-musl@0.1.80':
    optional: true

  '@napi-rs/canvas-linux-riscv64-gnu@0.1.80':
    optional: true

  '@napi-rs/canvas-linux-x64-gnu@0.1.80':
    optional: true

  '@napi-rs/canvas-linux-x64-musl@0.1.80':
    optional: true

  '@napi-rs/canvas-win32-x64-msvc@0.1.80':
    optional: true

  '@napi-rs/canvas@0.1.80':
    optionalDependencies:
      '@napi-rs/canvas-android-arm64': 0.1.80
      '@napi-rs/canvas-darwin-arm64': 0.1.80
      '@napi-rs/canvas-darwin-x64': 0.1.80
      '@napi-rs/canvas-linux-arm-gnueabihf': 0.1.80
      '@napi-rs/canvas-linux-arm64-gnu': 0.1.80
      '@napi-rs/canvas-linux-arm64-musl': 0.1.80
      '@napi-rs/canvas-linux-riscv64-gnu': 0.1.80
      '@napi-rs/canvas-linux-x64-gnu': 0.1.80
      '@napi-rs/canvas-linux-x64-musl': 0.1.80
      '@napi-rs/canvas-win32-x64-msvc': 0.1.80

  pdf-parse@2.4.5:
    dependencies:
      '@napi-rs/canvas': 0.1.80
      pdfjs-dist: 5.4.296

  pdfjs-dist@5.4.296:
    optionalDependencies:
      '@napi-rs/canvas': 0.1.80
